
Microsoft Visual Studio Solution File, Format Version 12.00
# Visual Studio 15
VisualStudioVersion = 15.0.28307.572
MinimumVisualStudioVersion = 10.0.40219.1
Project("{2150E333-8FDC-42A3-9474-1A3956D46DE8}") = "Framework", "Framework", "{2CF3C030-B88D-49EA-A647-1AC7F3570C58}"
EndProject
Project("{2150E333-8FDC-42A3-9474-1A3956D46DE8}") = "Project", "Project", "{4B61C844-3FBB-4668-AEB7-47E4926A25DB}"
EndProject
Project("{FAE04EC0-301F-11D3-BF4B-00C04F79EFBC}") = "EventSource.Structure.DomainModel", "EventSource.Structure.DomainModel\EventSource.Structure.DomainModel.csproj", "{66D6D199-1138-48FA-953E-3E3A0DCC0D12}"
EndProject
Project("{FAE04EC0-301F-11D3-BF4B-00C04F79EFBC}") = "Framework.DomainModel", "Framework.DomainModel\Framework.DomainModel.csproj", "{7CEC4832-A3C9-48AF-92DC-3E6508A07857}"
EndProject
Project("{FAE04EC0-301F-11D3-BF4B-00C04F79EFBC}") = "EventSource.Structure.DomainModel.Events", "EventSource.Structure.DomainModel.Events\EventSource.Structure.DomainModel.Events.csproj", "{6381189A-E4AC-41B9-8A87-06A7289A7151}"
EndProject
Project("{FAE04EC0-301F-11D3-BF4B-00C04F79EFBC}") = "Framework.DomainModel.Events", "Framework.DomainModel.Events\Framework.DomainModel.Events.csproj", "{65AFA2D2-1185-4A4A-935F-DFA376891E88}"
EndProject
Project("{2150E333-8FDC-42A3-9474-1A3956D46DE8}") = "Domain", "Domain", "{352D6FEA-7FFA-467F-8C72-ABB04F220D00}"
EndProject
Project("{2150E333-8FDC-42A3-9474-1A3956D46DE8}") = "Infrastructure", "Infrastructure", "{A46ED936-BB65-47D9-B9AB-C79900786B6D}"
EndProject
Project("{FAE04EC0-301F-11D3-BF4B-00C04F79EFBC}") = "EventSource.Structure.Persistence.EventStore", "EventSource.Structure.Persistence.EventStore\EventSource.Structure.Persistence.EventStore.csproj", "{AFF01C9E-CAFF-4EB7-B95A-F9DA06C6FFE4}"
EndProject
Project("{FAE04EC0-301F-11D3-BF4B-00C04F79EFBC}") = "Framework.Persistence.EventStore", "Framework.EventStore\Framework.Persistence.EventStore.csproj", "{D9AA40A2-DF74-4034-B113-2C5C07F3A447}"
EndProject
Project("{FAE04EC0-301F-11D3-BF4B-00C04F79EFBC}") = "Framework.DomainModel.Core", "Framework.DomainModel.Interfaces\Framework.DomainModel.Core.csproj", "{5B0E8CBE-3E73-4B2C-810D-2B52A469CEA6}"
EndProject
Project("{2150E333-8FDC-42A3-9474-1A3956D46DE8}") = "Domain", "Domain", "{76358B6E-F85E-4E9D-8542-9446687BBDFA}"
EndProject
Project("{2150E333-8FDC-42A3-9474-1A3956D46DE8}") = "Persistence", "Persistence", "{54B89D01-7F2E-4F4F-B8A4-83B16D3697D6}"
EndProject
Project("{FAE04EC0-301F-11D3-BF4B-00C04F79EFBC}") = "Framework.Persistence.Core", "Framework.Persistence.Core\Framework.Persistence.Core.csproj", "{9E756FAB-EE83-4927-8BC1-5387056A1C0F}"
EndProject
Project("{2150E333-8FDC-42A3-9474-1A3956D46DE8}") = "Application", "Application", "{7731AC9B-E6AE-4382-861F-7F4B5F88C21D}"
EndProject
Project("{FAE04EC0-301F-11D3-BF4B-00C04F79EFBC}") = "EventSource.Structure.CommandHandlers", "EventSource.Structure.CommandHandlers\EventSource.Structure.CommandHandlers.csproj", "{5F2EBF32-65FD-4895-92CF-DCC5D2A15DE7}"
EndProject
Project("{2150E333-8FDC-42A3-9474-1A3956D46DE8}") = "Application", "Application", "{126BEE46-35A4-4512-895C-235690EFA3FC}"
EndProject
Project("{FAE04EC0-301F-11D3-BF4B-00C04F79EFBC}") = "Framework.Application", "EventSource.Structure.Application\Framework.Application.csproj", "{B8F4146A-A04F-463F-9F9A-D0EBB97E0D0C}"
EndProject
Project("{FAE04EC0-301F-11D3-BF4B-00C04F79EFBC}") = "Framework.Core", "Framework.Core\Framework.Core.csproj", "{2933798D-80C2-46F1-919E-354BEE968F50}"
EndProject
Project("{FAE04EC0-301F-11D3-BF4B-00C04F79EFBC}") = "Framework.Application.Contracts", "Framework.Application.Contracts\Framework.Application.Contracts.csproj", "{CFFDE206-E672-4142-B6AF-15C43B9324B9}"
EndProject
Project("{FAE04EC0-301F-11D3-BF4B-00C04F79EFBC}") = "EventSource.Structure.Commands", "EventSource.Structure.Commands\EventSource.Structure.Commands.csproj", "{3BE236DD-94FF-49B9-A5F1-4DE2450D407D}"
EndProject
Project("{2150E333-8FDC-42A3-9474-1A3956D46DE8}") = "Host", "Host", "{C0452CFC-4AEC-471B-BB9F-5A6904130DAB}"
EndProject
Project("{FAE04EC0-301F-11D3-BF4B-00C04F79EFBC}") = "EventSource.Structure.CommandApi", "EventSource.Structure.CommandApi\EventSource.Structure.CommandApi.csproj", "{13B89DE5-8CC0-42E1-B13A-8BB0631AC447}"
EndProject
Project("{FAE04EC0-301F-11D3-BF4B-00C04F79EFBC}") = "EventSource.Structure.Config.CommandApi", "EventSource.Structure.Config.CommandApi\EventSource.Structure.Config.CommandApi.csproj", "{1CEA5A95-8DAC-4371-9D5B-B3DC8D9C7C0D}"
EndProject
Project("{FAE04EC0-301F-11D3-BF4B-00C04F79EFBC}") = "Framework.Config.Castle", "Framework.Config.Castle\Framework.Config.Castle.csproj", "{C161262F-261E-4DC8-ABC6-E501296C4178}"
EndProject
Project("{2150E333-8FDC-42A3-9474-1A3956D46DE8}") = "Host", "Host", "{D3D48A22-2DC4-4040-9D77-E34658EA3C69}"
EndProject
Project("{FAE04EC0-301F-11D3-BF4B-00C04F79EFBC}") = "Framework.Host", "Framework.Host\Framework.Host.csproj", "{2E50E4EB-614C-434D-A751-C1473434EED5}"
EndProject
Project("{FAE04EC0-301F-11D3-BF4B-00C04F79EFBC}") = "EventSource.Structure.Infrastructure.Logging", "EventSource.Structure.Logging\EventSource.Structure.Infrastructure.Logging.csproj", "{A690B23B-4D63-4ECF-908D-20C25EE19483}"
EndProject
Project("{FAE04EC0-301F-11D3-BF4B-00C04F79EFBC}") = "Framework.Core.Exceptions", "Framework.Core.Exceptions\Framework.Core.Exceptions.csproj", "{463209AB-9A83-4F13-B598-B73D3FF05970}"
EndProject
Project("{2150E333-8FDC-42A3-9474-1A3956D46DE8}") = "QueryModel", "QueryModel", "{8171C941-D20E-479B-8BE4-B4CB8950CDDD}"
EndProject
Project("{FAE04EC0-301F-11D3-BF4B-00C04F79EFBC}") = "EventSource.Structure.QueryModels", "EventSource.Structure.QueryModels\EventSource.Structure.QueryModels.csproj", "{8C08BC6D-AC86-4236-A77C-EAC587DF0A08}"
EndProject
Project("{FAE04EC0-301F-11D3-BF4B-00C04F79EFBC}") = "EventSource.Structure.Persistence.Sql", "EventSource.Structure.Persistence.Sql\EventSource.Structure.Persistence.Sql.csproj", "{B941D327-C679-4EC4-ACF4-D1AF79DD0EC1}"
EndProject
Project("{FAE04EC0-301F-11D3-BF4B-00C04F79EFBC}") = "EventSource.Structure.Config.QueryApi", "EventSource.Structure.Config.QueryApi\EventSource.Structure.Config.QueryApi.csproj", "{CCD497CD-B43E-40A3-85E9-17B6D379218A}"
EndProject
Project("{FAE04EC0-301F-11D3-BF4B-00C04F79EFBC}") = "EventSource.Structure.QueryFacade.Interfaces", "EventSource.Structure.QueryFacade.Interfaces\EventSource.Structure.QueryFacade.Interfaces.csproj", "{59DF8749-05B0-4C70-8FB2-93E5AE16677F}"
EndProject
Project("{FAE04EC0-301F-11D3-BF4B-00C04F79EFBC}") = "EventSource.Structure.QueryFacade.Implements", "EventSource.Structure.QueryFacade.Implements\EventSource.Structure.QueryFacade.Implements.csproj", "{28E67E1E-EA53-4E70-8F5F-61EBA5A32665}"
EndProject
Project("{FAE04EC0-301F-11D3-BF4B-00C04F79EFBC}") = "Framework.QueryModel", "Framework.QueryModel\Framework.QueryModel.csproj", "{306FD2B8-17E5-4D12-8C33-6CA9F6302882}"
EndProject
Project("{2150E333-8FDC-42A3-9474-1A3956D46DE8}") = "QueryModel", "QueryModel", "{B2C54D24-EDDD-4E8D-812C-C9424223831F}"
EndProject
Project("{FAE04EC0-301F-11D3-BF4B-00C04F79EFBC}") = "EventSource.Structure.QueryApi", "EventSource.Structure.QueryApi\EventSource.Structure.QueryApi.csproj", "{ADA8E358-BFDC-4CEE-A11D-65C8E00AFCB3}"
EndProject
Project("{FAE04EC0-301F-11D3-BF4B-00C04F79EFBC}") = "Framework.QueryModel.Synchronizer", "Framework.QueryModel.Synchronizer\Framework.QueryModel.Synchronizer.csproj", "{91EDC484-FE52-4043-81C9-CFF5667F0FC7}"
EndProject
Project("{FAE04EC0-301F-11D3-BF4B-00C04F79EFBC}") = "EventSource.Structure.QueryModels.Synchronizer", "EventSource.Structure.QueryModels.Synchronizer\EventSource.Structure.QueryModels.Synchronizer.csproj", "{4C9C2A39-7317-4D28-90FC-3CB75F809260}"
EndProject
Project("{FAE04EC0-301F-11D3-BF4B-00C04F79EFBC}") = "EventSource.Structure.QueryModel.Synchronizer.Config", "EventSource.Structure.QueryModel.Synchronizer.Config\EventSource.Structure.QueryModel.Synchronizer.Config.csproj", "{464B6A97-F567-4397-9410-1C473D45D9CE}"
EndProject
Global
	GlobalSection(SolutionConfigurationPlatforms) = preSolution
		Debug|Any CPU = Debug|Any CPU
		Release|Any CPU = Release|Any CPU
	EndGlobalSection
	GlobalSection(ProjectConfigurationPlatforms) = postSolution
		{66D6D199-1138-48FA-953E-3E3A0DCC0D12}.Debug|Any CPU.ActiveCfg = Debug|Any CPU
		{66D6D199-1138-48FA-953E-3E3A0DCC0D12}.Debug|Any CPU.Build.0 = Debug|Any CPU
		{66D6D199-1138-48FA-953E-3E3A0DCC0D12}.Release|Any CPU.ActiveCfg = Release|Any CPU
		{66D6D199-1138-48FA-953E-3E3A0DCC0D12}.Release|Any CPU.Build.0 = Release|Any CPU
		{7CEC4832-A3C9-48AF-92DC-3E6508A07857}.Debug|Any CPU.ActiveCfg = Debug|Any CPU
		{7CEC4832-A3C9-48AF-92DC-3E6508A07857}.Debug|Any CPU.Build.0 = Debug|Any CPU
		{7CEC4832-A3C9-48AF-92DC-3E6508A07857}.Release|Any CPU.ActiveCfg = Release|Any CPU
		{7CEC4832-A3C9-48AF-92DC-3E6508A07857}.Release|Any CPU.Build.0 = Release|Any CPU
		{6381189A-E4AC-41B9-8A87-06A7289A7151}.Debug|Any CPU.ActiveCfg = Debug|Any CPU
		{6381189A-E4AC-41B9-8A87-06A7289A7151}.Debug|Any CPU.Build.0 = Debug|Any CPU
		{6381189A-E4AC-41B9-8A87-06A7289A7151}.Release|Any CPU.ActiveCfg = Release|Any CPU
		{6381189A-E4AC-41B9-8A87-06A7289A7151}.Release|Any CPU.Build.0 = Release|Any CPU
		{65AFA2D2-1185-4A4A-935F-DFA376891E88}.Debug|Any CPU.ActiveCfg = Debug|Any CPU
		{65AFA2D2-1185-4A4A-935F-DFA376891E88}.Debug|Any CPU.Build.0 = Debug|Any CPU
		{65AFA2D2-1185-4A4A-935F-DFA376891E88}.Release|Any CPU.ActiveCfg = Release|Any CPU
		{65AFA2D2-1185-4A4A-935F-DFA376891E88}.Release|Any CPU.Build.0 = Release|Any CPU
		{AFF01C9E-CAFF-4EB7-B95A-F9DA06C6FFE4}.Debug|Any CPU.ActiveCfg = Debug|Any CPU
		{AFF01C9E-CAFF-4EB7-B95A-F9DA06C6FFE4}.Debug|Any CPU.Build.0 = Debug|Any CPU
		{AFF01C9E-CAFF-4EB7-B95A-F9DA06C6FFE4}.Release|Any CPU.ActiveCfg = Release|Any CPU
		{AFF01C9E-CAFF-4EB7-B95A-F9DA06C6FFE4}.Release|Any CPU.Build.0 = Release|Any CPU
		{D9AA40A2-DF74-4034-B113-2C5C07F3A447}.Debug|Any CPU.ActiveCfg = Debug|Any CPU
		{D9AA40A2-DF74-4034-B113-2C5C07F3A447}.Debug|Any CPU.Build.0 = Debug|Any CPU
		{D9AA40A2-DF74-4034-B113-2C5C07F3A447}.Release|Any CPU.ActiveCfg = Release|Any CPU
		{D9AA40A2-DF74-4034-B113-2C5C07F3A447}.Release|Any CPU.Build.0 = Release|Any CPU
		{5B0E8CBE-3E73-4B2C-810D-2B52A469CEA6}.Debug|Any CPU.ActiveCfg = Debug|Any CPU
		{5B0E8CBE-3E73-4B2C-810D-2B52A469CEA6}.Debug|Any CPU.Build.0 = Debug|Any CPU
		{5B0E8CBE-3E73-4B2C-810D-2B52A469CEA6}.Release|Any CPU.ActiveCfg = Release|Any CPU
		{5B0E8CBE-3E73-4B2C-810D-2B52A469CEA6}.Release|Any CPU.Build.0 = Release|Any CPU
		{9E756FAB-EE83-4927-8BC1-5387056A1C0F}.Debug|Any CPU.ActiveCfg = Debug|Any CPU
		{9E756FAB-EE83-4927-8BC1-5387056A1C0F}.Debug|Any CPU.Build.0 = Debug|Any CPU
		{9E756FAB-EE83-4927-8BC1-5387056A1C0F}.Release|Any CPU.ActiveCfg = Release|Any CPU
		{9E756FAB-EE83-4927-8BC1-5387056A1C0F}.Release|Any CPU.Build.0 = Release|Any CPU
		{5F2EBF32-65FD-4895-92CF-DCC5D2A15DE7}.Debug|Any CPU.ActiveCfg = Debug|Any CPU
		{5F2EBF32-65FD-4895-92CF-DCC5D2A15DE7}.Debug|Any CPU.Build.0 = Debug|Any CPU
		{5F2EBF32-65FD-4895-92CF-DCC5D2A15DE7}.Release|Any CPU.ActiveCfg = Release|Any CPU
		{5F2EBF32-65FD-4895-92CF-DCC5D2A15DE7}.Release|Any CPU.Build.0 = Release|Any CPU
		{B8F4146A-A04F-463F-9F9A-D0EBB97E0D0C}.Debug|Any CPU.ActiveCfg = Debug|Any CPU
		{B8F4146A-A04F-463F-9F9A-D0EBB97E0D0C}.Debug|Any CPU.Build.0 = Debug|Any CPU
		{B8F4146A-A04F-463F-9F9A-D0EBB97E0D0C}.Release|Any CPU.ActiveCfg = Release|Any CPU
		{B8F4146A-A04F-463F-9F9A-D0EBB97E0D0C}.Release|Any CPU.Build.0 = Release|Any CPU
		{2933798D-80C2-46F1-919E-354BEE968F50}.Debug|Any CPU.ActiveCfg = Debug|Any CPU
		{2933798D-80C2-46F1-919E-354BEE968F50}.Debug|Any CPU.Build.0 = Debug|Any CPU
		{2933798D-80C2-46F1-919E-354BEE968F50}.Release|Any CPU.ActiveCfg = Release|Any CPU
		{2933798D-80C2-46F1-919E-354BEE968F50}.Release|Any CPU.Build.0 = Release|Any CPU
		{CFFDE206-E672-4142-B6AF-15C43B9324B9}.Debug|Any CPU.ActiveCfg = Debug|Any CPU
		{CFFDE206-E672-4142-B6AF-15C43B9324B9}.Debug|Any CPU.Build.0 = Debug|Any CPU
		{CFFDE206-E672-4142-B6AF-15C43B9324B9}.Release|Any CPU.ActiveCfg = Release|Any CPU
		{CFFDE206-E672-4142-B6AF-15C43B9324B9}.Release|Any CPU.Build.0 = Release|Any CPU
		{3BE236DD-94FF-49B9-A5F1-4DE2450D407D}.Debug|Any CPU.ActiveCfg = Debug|Any CPU
		{3BE236DD-94FF-49B9-A5F1-4DE2450D407D}.Debug|Any CPU.Build.0 = Debug|Any CPU
		{3BE236DD-94FF-49B9-A5F1-4DE2450D407D}.Release|Any CPU.ActiveCfg = Release|Any CPU
		{3BE236DD-94FF-49B9-A5F1-4DE2450D407D}.Release|Any CPU.Build.0 = Release|Any CPU
		{13B89DE5-8CC0-42E1-B13A-8BB0631AC447}.Debug|Any CPU.ActiveCfg = Debug|Any CPU
		{13B89DE5-8CC0-42E1-B13A-8BB0631AC447}.Debug|Any CPU.Build.0 = Debug|Any CPU
		{13B89DE5-8CC0-42E1-B13A-8BB0631AC447}.Release|Any CPU.ActiveCfg = Release|Any CPU
		{13B89DE5-8CC0-42E1-B13A-8BB0631AC447}.Release|Any CPU.Build.0 = Release|Any CPU
		{1CEA5A95-8DAC-4371-9D5B-B3DC8D9C7C0D}.Debug|Any CPU.ActiveCfg = Debug|Any CPU
		{1CEA5A95-8DAC-4371-9D5B-B3DC8D9C7C0D}.Debug|Any CPU.Build.0 = Debug|Any CPU
		{1CEA5A95-8DAC-4371-9D5B-B3DC8D9C7C0D}.Release|Any CPU.ActiveCfg = Release|Any CPU
		{1CEA5A95-8DAC-4371-9D5B-B3DC8D9C7C0D}.Release|Any CPU.Build.0 = Release|Any CPU
		{C161262F-261E-4DC8-ABC6-E501296C4178}.Debug|Any CPU.ActiveCfg = Debug|Any CPU
		{C161262F-261E-4DC8-ABC6-E501296C4178}.Debug|Any CPU.Build.0 = Debug|Any CPU
		{C161262F-261E-4DC8-ABC6-E501296C4178}.Release|Any CPU.ActiveCfg = Release|Any CPU
		{C161262F-261E-4DC8-ABC6-E501296C4178}.Release|Any CPU.Build.0 = Release|Any CPU
		{2E50E4EB-614C-434D-A751-C1473434EED5}.Debug|Any CPU.ActiveCfg = Debug|Any CPU
		{2E50E4EB-614C-434D-A751-C1473434EED5}.Debug|Any CPU.Build.0 = Debug|Any CPU
		{2E50E4EB-614C-434D-A751-C1473434EED5}.Release|Any CPU.ActiveCfg = Release|Any CPU
		{2E50E4EB-614C-434D-A751-C1473434EED5}.Release|Any CPU.Build.0 = Release|Any CPU
		{A690B23B-4D63-4ECF-908D-20C25EE19483}.Debug|Any CPU.ActiveCfg = Debug|Any CPU
		{A690B23B-4D63-4ECF-908D-20C25EE19483}.Debug|Any CPU.Build.0 = Debug|Any CPU
		{A690B23B-4D63-4ECF-908D-20C25EE19483}.Release|Any CPU.ActiveCfg = Release|Any CPU
		{A690B23B-4D63-4ECF-908D-20C25EE19483}.Release|Any CPU.Build.0 = Release|Any CPU
		{463209AB-9A83-4F13-B598-B73D3FF05970}.Debug|Any CPU.ActiveCfg = Debug|Any CPU
		{463209AB-9A83-4F13-B598-B73D3FF05970}.Debug|Any CPU.Build.0 = Debug|Any CPU
		{463209AB-9A83-4F13-B598-B73D3FF05970}.Release|Any CPU.ActiveCfg = Release|Any CPU
		{463209AB-9A83-4F13-B598-B73D3FF05970}.Release|Any CPU.Build.0 = Release|Any CPU
		{8C08BC6D-AC86-4236-A77C-EAC587DF0A08}.Debug|Any CPU.ActiveCfg = Debug|Any CPU
		{8C08BC6D-AC86-4236-A77C-EAC587DF0A08}.Debug|Any CPU.Build.0 = Debug|Any CPU
		{8C08BC6D-AC86-4236-A77C-EAC587DF0A08}.Release|Any CPU.ActiveCfg = Release|Any CPU
		{8C08BC6D-AC86-4236-A77C-EAC587DF0A08}.Release|Any CPU.Build.0 = Release|Any CPU
		{B941D327-C679-4EC4-ACF4-D1AF79DD0EC1}.Debug|Any CPU.ActiveCfg = Debug|Any CPU
		{B941D327-C679-4EC4-ACF4-D1AF79DD0EC1}.Debug|Any CPU.Build.0 = Debug|Any CPU
		{B941D327-C679-4EC4-ACF4-D1AF79DD0EC1}.Release|Any CPU.ActiveCfg = Release|Any CPU
		{B941D327-C679-4EC4-ACF4-D1AF79DD0EC1}.Release|Any CPU.Build.0 = Release|Any CPU
		{CCD497CD-B43E-40A3-85E9-17B6D379218A}.Debug|Any CPU.ActiveCfg = Debug|Any CPU
		{CCD497CD-B43E-40A3-85E9-17B6D379218A}.Debug|Any CPU.Build.0 = Debug|Any CPU
		{CCD497CD-B43E-40A3-85E9-17B6D379218A}.Release|Any CPU.ActiveCfg = Release|Any CPU
		{CCD497CD-B43E-40A3-85E9-17B6D379218A}.Release|Any CPU.Build.0 = Release|Any CPU
		{59DF8749-05B0-4C70-8FB2-93E5AE16677F}.Debug|Any CPU.ActiveCfg = Debug|Any CPU
		{59DF8749-05B0-4C70-8FB2-93E5AE16677F}.Debug|Any CPU.Build.0 = Debug|Any CPU
		{59DF8749-05B0-4C70-8FB2-93E5AE16677F}.Release|Any CPU.ActiveCfg = Release|Any CPU
		{59DF8749-05B0-4C70-8FB2-93E5AE16677F}.Release|Any CPU.Build.0 = Release|Any CPU
		{28E67E1E-EA53-4E70-8F5F-61EBA5A32665}.Debug|Any CPU.ActiveCfg = Debug|Any CPU
		{28E67E1E-EA53-4E70-8F5F-61EBA5A32665}.Debug|Any CPU.Build.0 = Debug|Any CPU
		{28E67E1E-EA53-4E70-8F5F-61EBA5A32665}.Release|Any CPU.ActiveCfg = Release|Any CPU
		{28E67E1E-EA53-4E70-8F5F-61EBA5A32665}.Release|Any CPU.Build.0 = Release|Any CPU
		{306FD2B8-17E5-4D12-8C33-6CA9F6302882}.Debug|Any CPU.ActiveCfg = Debug|Any CPU
		{306FD2B8-17E5-4D12-8C33-6CA9F6302882}.Debug|Any CPU.Build.0 = Debug|Any CPU
		{306FD2B8-17E5-4D12-8C33-6CA9F6302882}.Release|Any CPU.ActiveCfg = Release|Any CPU
		{306FD2B8-17E5-4D12-8C33-6CA9F6302882}.Release|Any CPU.Build.0 = Release|Any CPU
		{ADA8E358-BFDC-4CEE-A11D-65C8E00AFCB3}.Debug|Any CPU.ActiveCfg = Debug|Any CPU
		{ADA8E358-BFDC-4CEE-A11D-65C8E00AFCB3}.Debug|Any CPU.Build.0 = Debug|Any CPU
		{ADA8E358-BFDC-4CEE-A11D-65C8E00AFCB3}.Release|Any CPU.ActiveCfg = Release|Any CPU
		{ADA8E358-BFDC-4CEE-A11D-65C8E00AFCB3}.Release|Any CPU.Build.0 = Release|Any CPU
		{91EDC484-FE52-4043-81C9-CFF5667F0FC7}.Debug|Any CPU.ActiveCfg = Debug|Any CPU
		{91EDC484-FE52-4043-81C9-CFF5667F0FC7}.Debug|Any CPU.Build.0 = Debug|Any CPU
		{91EDC484-FE52-4043-81C9-CFF5667F0FC7}.Release|Any CPU.ActiveCfg = Release|Any CPU
		{91EDC484-FE52-4043-81C9-CFF5667F0FC7}.Release|Any CPU.Build.0 = Release|Any CPU
		{4C9C2A39-7317-4D28-90FC-3CB75F809260}.Debug|Any CPU.ActiveCfg = Debug|Any CPU
		{4C9C2A39-7317-4D28-90FC-3CB75F809260}.Debug|Any CPU.Build.0 = Debug|Any CPU
		{4C9C2A39-7317-4D28-90FC-3CB75F809260}.Release|Any CPU.ActiveCfg = Release|Any CPU
		{4C9C2A39-7317-4D28-90FC-3CB75F809260}.Release|Any CPU.Build.0 = Release|Any CPU
		{464B6A97-F567-4397-9410-1C473D45D9CE}.Debug|Any CPU.ActiveCfg = Debug|Any CPU
		{464B6A97-F567-4397-9410-1C473D45D9CE}.Debug|Any CPU.Build.0 = Debug|Any CPU
		{464B6A97-F567-4397-9410-1C473D45D9CE}.Release|Any CPU.ActiveCfg = Release|Any CPU
		{464B6A97-F567-4397-9410-1C473D45D9CE}.Release|Any CPU.Build.0 = Release|Any CPU
	EndGlobalSection
	GlobalSection(SolutionProperties) = preSolution
		HideSolutionNode = FALSE
	EndGlobalSection
	GlobalSection(NestedProjects) = preSolution
		{66D6D199-1138-48FA-953E-3E3A0DCC0D12} = {352D6FEA-7FFA-467F-8C72-ABB04F220D00}
		{7CEC4832-A3C9-48AF-92DC-3E6508A07857} = {76358B6E-F85E-4E9D-8542-9446687BBDFA}
		{6381189A-E4AC-41B9-8A87-06A7289A7151} = {352D6FEA-7FFA-467F-8C72-ABB04F220D00}
		{65AFA2D2-1185-4A4A-935F-DFA376891E88} = {76358B6E-F85E-4E9D-8542-9446687BBDFA}
		{352D6FEA-7FFA-467F-8C72-ABB04F220D00} = {4B61C844-3FBB-4668-AEB7-47E4926A25DB}
		{A46ED936-BB65-47D9-B9AB-C79900786B6D} = {4B61C844-3FBB-4668-AEB7-47E4926A25DB}
		{AFF01C9E-CAFF-4EB7-B95A-F9DA06C6FFE4} = {A46ED936-BB65-47D9-B9AB-C79900786B6D}
		{D9AA40A2-DF74-4034-B113-2C5C07F3A447} = {54B89D01-7F2E-4F4F-B8A4-83B16D3697D6}
		{5B0E8CBE-3E73-4B2C-810D-2B52A469CEA6} = {76358B6E-F85E-4E9D-8542-9446687BBDFA}
		{76358B6E-F85E-4E9D-8542-9446687BBDFA} = {2CF3C030-B88D-49EA-A647-1AC7F3570C58}
		{54B89D01-7F2E-4F4F-B8A4-83B16D3697D6} = {2CF3C030-B88D-49EA-A647-1AC7F3570C58}
		{9E756FAB-EE83-4927-8BC1-5387056A1C0F} = {54B89D01-7F2E-4F4F-B8A4-83B16D3697D6}
		{7731AC9B-E6AE-4382-861F-7F4B5F88C21D} = {4B61C844-3FBB-4668-AEB7-47E4926A25DB}
		{5F2EBF32-65FD-4895-92CF-DCC5D2A15DE7} = {7731AC9B-E6AE-4382-861F-7F4B5F88C21D}
		{126BEE46-35A4-4512-895C-235690EFA3FC} = {2CF3C030-B88D-49EA-A647-1AC7F3570C58}
		{B8F4146A-A04F-463F-9F9A-D0EBB97E0D0C} = {126BEE46-35A4-4512-895C-235690EFA3FC}
		{2933798D-80C2-46F1-919E-354BEE968F50} = {2CF3C030-B88D-49EA-A647-1AC7F3570C58}
		{CFFDE206-E672-4142-B6AF-15C43B9324B9} = {126BEE46-35A4-4512-895C-235690EFA3FC}
		{3BE236DD-94FF-49B9-A5F1-4DE2450D407D} = {7731AC9B-E6AE-4382-861F-7F4B5F88C21D}
		{C0452CFC-4AEC-471B-BB9F-5A6904130DAB} = {4B61C844-3FBB-4668-AEB7-47E4926A25DB}
		{13B89DE5-8CC0-42E1-B13A-8BB0631AC447} = {C0452CFC-4AEC-471B-BB9F-5A6904130DAB}
		{1CEA5A95-8DAC-4371-9D5B-B3DC8D9C7C0D} = {4B61C844-3FBB-4668-AEB7-47E4926A25DB}
		{C161262F-261E-4DC8-ABC6-E501296C4178} = {2CF3C030-B88D-49EA-A647-1AC7F3570C58}
		{D3D48A22-2DC4-4040-9D77-E34658EA3C69} = {2CF3C030-B88D-49EA-A647-1AC7F3570C58}
		{2E50E4EB-614C-434D-A751-C1473434EED5} = {D3D48A22-2DC4-4040-9D77-E34658EA3C69}
		{A690B23B-4D63-4ECF-908D-20C25EE19483} = {A46ED936-BB65-47D9-B9AB-C79900786B6D}
		{463209AB-9A83-4F13-B598-B73D3FF05970} = {2CF3C030-B88D-49EA-A647-1AC7F3570C58}
		{8171C941-D20E-479B-8BE4-B4CB8950CDDD} = {4B61C844-3FBB-4668-AEB7-47E4926A25DB}
		{8C08BC6D-AC86-4236-A77C-EAC587DF0A08} = {8171C941-D20E-479B-8BE4-B4CB8950CDDD}
		{B941D327-C679-4EC4-ACF4-D1AF79DD0EC1} = {A46ED936-BB65-47D9-B9AB-C79900786B6D}
		{CCD497CD-B43E-40A3-85E9-17B6D379218A} = {4B61C844-3FBB-4668-AEB7-47E4926A25DB}
		{59DF8749-05B0-4C70-8FB2-93E5AE16677F} = {7731AC9B-E6AE-4382-861F-7F4B5F88C21D}
		{28E67E1E-EA53-4E70-8F5F-61EBA5A32665} = {7731AC9B-E6AE-4382-861F-7F4B5F88C21D}
		{306FD2B8-17E5-4D12-8C33-6CA9F6302882} = {B2C54D24-EDDD-4E8D-812C-C9424223831F}
		{B2C54D24-EDDD-4E8D-812C-C9424223831F} = {2CF3C030-B88D-49EA-A647-1AC7F3570C58}
		{ADA8E358-BFDC-4CEE-A11D-65C8E00AFCB3} = {C0452CFC-4AEC-471B-BB9F-5A6904130DAB}
		{91EDC484-FE52-4043-81C9-CFF5667F0FC7} = {B2C54D24-EDDD-4E8D-812C-C9424223831F}
		{4C9C2A39-7317-4D28-90FC-3CB75F809260} = {8171C941-D20E-479B-8BE4-B4CB8950CDDD}
		{464B6A97-F567-4397-9410-1C473D45D9CE} = {4B61C844-3FBB-4668-AEB7-47E4926A25DB}
	EndGlobalSection
	GlobalSection(ExtensibilityGlobals) = postSolution
		SolutionGuid = {B1740515-B66B-4B71-A836-B4456729ED6A}
	EndGlobalSection
EndGlobal
